{
  "nodes": {
    "nixlib": {
      "locked": {
        "lastModified": 1723942470,
        "narHash": "sha256-QdSArN0xKESEOTcv+3kE6yu4B4WX9lupZ4+Htx3RXGg=",
        "owner": "nix-community",
        "repo": "nixpkgs.lib",
        "rev": "531a2e8416a6d8200a53eddfbdb8f2c8dc4a1251",
        "type": "github"
      },
      "original": {
        "owner": "nix-community",
        "repo": "nixpkgs.lib",
        "type": "github"
      }
    },
    "nixos-generators": {
      "inputs": {
        "nixlib": "nixlib",
        "nixpkgs": [
          "nixpkgs"
        ]
      },
      "locked": {
        "lastModified": 1724288137,
        "narHash": "sha256-ZsDarezhjZ7kloarJlA2KxTrLHrLVUtLyYcXr/0wbCw=",
        "owner": "nix-community",
        "repo": "nixos-generators",
        "rev": "0552f784af9f211481c5dda6df9b918733492826",
        "type": "github"
      },
      "original": {
        "owner": "nix-community",
        "repo": "nixos-generators",
        "type": "github"
      }
    },
    "nixos-images": {
      "inputs": {
        "nixos-stable": "nixos-stable",
        "nixos-unstable": "nixos-unstable"
      },
      "locked": {
        "lastModified": 1724028934,
        "narHash": "sha256-2M5dqS7UbAKfrO+1U+P/t5S2QIGbuGIsTNMYJzwB17g=",
        "owner": "nix-community",
        "repo": "nixos-images",
        "rev": "b733f0680a42cc01d6ad53896fb5ca40a66d5e79",
        "type": "github"
      },
      "original": {
        "owner": "nix-community",
        "repo": "nixos-images",
        "type": "github"
      }
    },
    "nixos-stable": {
      "locked": {
        "lastModified": 1723688146,
        "narHash": "sha256-sqLwJcHYeWLOeP/XoLwAtYjr01TISlkOfz+NG82pbdg=",
        "owner": "NixOS",
        "repo": "nixpkgs",
        "rev": "c3d4ac725177c030b1e289015989da2ad9d56af0",
        "type": "github"
      },
      "original": {
        "owner": "NixOS",
        "ref": "nixos-24.05",
        "repo": "nixpkgs",
        "type": "github"
      }
    },
    "nixos-unstable": {
      "locked": {
        "lastModified": 1723797802,
        "narHash": "sha256-KR1C6GDQRcF5F2bvJWEIihFAvXVZjHgito7d2oMgdak=",
        "owner": "Mic92",
        "repo": "nixpkgs",
        "rev": "8248602cc2464fef696ae9ac1cd0870573801804",
        "type": "github"
      },
      "original": {
        "owner": "Mic92",
        "ref": "iproute2-nix-community",
        "repo": "nixpkgs",
        "type": "github"
      }
    },
    "nixpkgs": {
      "locked": {
        "lastModified": 1724224976,
        "narHash": "sha256-Z/ELQhrSd7bMzTO8r7NZgi9g5emh+aRKoCdaAv5fiO0=",
        "owner": "NixOS",
        "repo": "nixpkgs",
        "rev": "c374d94f1536013ca8e92341b540eba4c22f9c62",
        "type": "github"
      },
      "original": {
        "id": "nixpkgs",
        "ref": "nixos-unstable",
        "type": "indirect"
      }
    },
    "root": {
      "inputs": {
        "nixos-generators": "nixos-generators",
        "nixos-images": "nixos-images",
        "nixpkgs": "nixpkgs"
      }
    }
  },
  "root": "root",
  "version": 7
}
